
Microsoft Visual Studio Solution File, Format Version 12.00
# Visual Studio Version 17
VisualStudioVersion = 17.2.32630.192
MinimumVisualStudioVersion = 10.0.40219.1
Project("{9A19103F-16F7-4668-BE54-9A1E7A4F7556}") = "VShop.ProductAPI", "VShop.ProductAPI\VShop.ProductAPI.csproj", "{AF24729A-4EB3-4C84-BB59-54337CB249EB}"
EndProject
Project("{FAE04EC0-301F-11D3-BF4B-00C04F79EFBC}") = "VShop.Web", "VShop.Web\VShop.Web.csproj", "{01B3CF15-CF9C-454B-8AC6-37F70B66207E}"
EndProject
Global
	GlobalSection(SolutionConfigurationPlatforms) = preSolution
		Debug|Any CPU = Debug|Any CPU
		Release|Any CPU = Release|Any CPU
	EndGlobalSection
	GlobalSection(ProjectConfigurationPlatforms) = postSolution
		{AF24729A-4EB3-4C84-BB59-54337CB249EB}.Debug|Any CPU.ActiveCfg = Debug|Any CPU
		{AF24729A-4EB3-4C84-BB59-54337CB249EB}.Debug|Any CPU.Build.0 = Debug|Any CPU
		{AF24729A-4EB3-4C84-BB59-54337CB249EB}.Release|Any CPU.ActiveCfg = Release|Any CPU
		{AF24729A-4EB3-4C84-BB59-54337CB249EB}.Release|Any CPU.Build.0 = Release|Any CPU
		{01B3CF15-CF9C-454B-8AC6-37F70B66207E}.Debug|Any CPU.ActiveCfg = Debug|Any CPU
		{01B3CF15-CF9C-454B-8AC6-37F70B66207E}.Debug|Any CPU.Build.0 = Debug|Any CPU
		{01B3CF15-CF9C-454B-8AC6-37F70B66207E}.Release|Any CPU.ActiveCfg = Release|Any CPU
		{01B3CF15-CF9C-454B-8AC6-37F70B66207E}.Release|Any CPU.Build.0 = Release|Any CPU
	EndGlobalSection
	GlobalSection(SolutionProperties) = preSolution
		HideSolutionNode = FALSE
	EndGlobalSection
	GlobalSection(ExtensibilityGlobals) = postSolution
		SolutionGuid = {15126F7A-8376-4EA3-A40C-30677D9491FE}
	EndGlobalSection
EndGlobal
